
Microsoft Visual Studio Solution File, Format Version 12.00
# Visual Studio Version 17
VisualStudioVersion = 17.0.31512.422
MinimumVisualStudioVersion = 10.0.40219.1
Project("{9A19103F-16F7-4668-BE54-9A1E7A4F7556}") = "MultipageApp", "MultipageApp.csproj", "{84ABD681-FF45-4589-9D77-91B13CA05BCE}"
EndProject
Project("{E53339B2-1760-4266-BCC7-CA923CBCF16C}") = "docker-compose", "docker-compose.dcproj", "{4D397DB0-691B-4CFF-8304-DFA1D8A4B9FA}"
EndProject
Global
	GlobalSection(SolutionConfigurationPlatforms) = preSolution
		Debug|Any CPU = Debug|Any CPU
		Release|Any CPU = Release|Any CPU
	EndGlobalSection
	GlobalSection(ProjectConfigurationPlatforms) = postSolution
		{84ABD681-FF45-4589-9D77-91B13CA05BCE}.Debug|Any CPU.ActiveCfg = Debug|Any CPU
		{84ABD681-FF45-4589-9D77-91B13CA05BCE}.Debug|Any CPU.Build.0 = Debug|Any CPU
		{84ABD681-FF45-4589-9D77-91B13CA05BCE}.Release|Any CPU.ActiveCfg = Release|Any CPU
		{84ABD681-FF45-4589-9D77-91B13CA05BCE}.Release|Any CPU.Build.0 = Release|Any CPU
		{4D397DB0-691B-4CFF-8304-DFA1D8A4B9FA}.Debug|Any CPU.ActiveCfg = Debug|Any CPU
		{4D397DB0-691B-4CFF-8304-DFA1D8A4B9FA}.Debug|Any CPU.Build.0 = Debug|Any CPU
		{4D397DB0-691B-4CFF-8304-DFA1D8A4B9FA}.Release|Any CPU.ActiveCfg = Release|Any CPU
		{4D397DB0-691B-4CFF-8304-DFA1D8A4B9FA}.Release|Any CPU.Build.0 = Release|Any CPU
	EndGlobalSection
	GlobalSection(SolutionProperties) = preSolution
		HideSolutionNode = FALSE
	EndGlobalSection
	GlobalSection(ExtensibilityGlobals) = postSolution
		SolutionGuid = {AAD2BCD7-B510-40CF-BAD7-F89573B336F4}
	EndGlobalSection
EndGlobal
