
Microsoft Visual Studio Solution File, Format Version 12.00
# Visual Studio Version 16
VisualStudioVersion = 16.0.31320.298
MinimumVisualStudioVersion = 10.0.40219.1
Project("{FAE04EC0-301F-11D3-BF4B-00C04F79EFBC}") = "MultipageApp", "MultipageApp.csproj", "{84ABD681-FF45-4589-9D77-91B13CA05BCE}"
EndProject
Global
	GlobalSection(SolutionConfigurationPlatforms) = preSolution
		Debug|Any CPU = Debug|Any CPU
		Release|Any CPU = Release|Any CPU
	EndGlobalSection
	GlobalSection(ProjectConfigurationPlatforms) = postSolution
		{84ABD681-FF45-4589-9D77-91B13CA05BCE}.Debug|Any CPU.ActiveCfg = Debug|Any CPU
		{84ABD681-FF45-4589-9D77-91B13CA05BCE}.Debug|Any CPU.Build.0 = Debug|Any CPU
		{84ABD681-FF45-4589-9D77-91B13CA05BCE}.Release|Any CPU.ActiveCfg = Release|Any CPU
		{84ABD681-FF45-4589-9D77-91B13CA05BCE}.Release|Any CPU.Build.0 = Release|Any CPU
	EndGlobalSection
	GlobalSection(SolutionProperties) = preSolution
		HideSolutionNode = FALSE
	EndGlobalSection
	GlobalSection(ExtensibilityGlobals) = postSolution
		SolutionGuid = {AAD2BCD7-B510-40CF-BAD7-F89573B336F4}
	EndGlobalSection
EndGlobal
